{
  "originHash" : "137d896e2fa77dcc60b0db6a8b42cfe734fb6de1d7c8de17ad7aeb24cb9ef25e",
  "pins" : [
    {
      "identity" : "audiocapturekit",
      "kind" : "remoteSourceControl",
      "location" : "https://github.com/pablo-health/AudioCaptureKit.git",
      "state" : {
        "revision" : "82408daf7f23ef02d1639c1440a322a932b509d1",
        "version" : "1.1.2"
      }
    },
    {
      "identity" : "swift-asn1",
      "kind" : "remoteSourceControl",
      "location" : "https://github.com/apple/swift-asn1.git",
      "state" : {
        "revision" : "eb50cbd14606a9161cbc5d452f18797c90ef0bab",
        "version" : "1.7.0"
      }
    },
    {
      "identity" : "swift-crypto",
      "kind" : "remoteSourceControl",
      "location" : "https://github.com/apple/swift-crypto.git",
      "state" : {
        "revision" : "1b6b2e274e85105bfa155183145a1dcfd63331f1",
        "version" : "4.5.0"
      }
    }
  ],
  "version" : 3
}
