{
  "originHash" : "ec2f5229c6a3e9c2fe38ce5f5658efe72b2eaffd93522d01ff623b00331d2cf5",
  "pins" : [
    {
      "identity" : "audiocapturekit",
      "kind" : "remoteSourceControl",
      "location" : "https://github.com/pablo-health/AudioCaptureKit.git",
      "state" : {
        "revision" : "f636a6310ee1bd82ba57a11ce0fe6113d492fb63",
        "version" : "1.3.0"
      }
    },
    {
      "identity" : "sparkle",
      "kind" : "remoteSourceControl",
      "location" : "https://github.com/sparkle-project/Sparkle.git",
      "state" : {
        "revision" : "d46d456107feacc80711b21847b82b07bd9fb46e",
        "version" : "2.9.3"
      }
    },
    {
      "identity" : "swift-asn1",
      "kind" : "remoteSourceControl",
      "location" : "https://github.com/apple/swift-asn1.git",
      "state" : {
        "revision" : "a9a5efd40eaf558a2bcd48d64b1d1646be686008",
        "version" : "1.7.1"
      }
    },
    {
      "identity" : "swift-crypto",
      "kind" : "remoteSourceControl",
      "location" : "https://github.com/apple/swift-crypto.git",
      "state" : {
        "revision" : "1b6b2e274e85105bfa155183145a1dcfd63331f1",
        "version" : "4.5.0"
      }
    }
  ],
  "version" : 3
}
