{
  "originHash" : "9a5d6729301710745f7bda66700ebe2afd53e9d9300cd5645f0e8f618f653b6f",
  "pins" : [
    {
      "identity" : "audiocapturekit",
      "kind" : "remoteSourceControl",
      "location" : "https://github.com/pablo-health/AudioCaptureKit.git",
      "state" : {
        "revision" : "84d1ac7225f3457302d42f7da2dd1dc87b14b594",
        "version" : "1.1.1"
      }
    },
    {
      "identity" : "sparkle",
      "kind" : "remoteSourceControl",
      "location" : "https://github.com/sparkle-project/Sparkle.git",
      "state" : {
        "revision" : "066e75a8b3e99962685d6a90cdd5293ebffd9261",
        "version" : "2.9.1"
      }
    },
    {
      "identity" : "swift-asn1",
      "kind" : "remoteSourceControl",
      "location" : "https://github.com/apple/swift-asn1.git",
      "state" : {
        "revision" : "810496cf121e525d660cd0ea89a758740476b85f",
        "version" : "1.5.1"
      }
    },
    {
      "identity" : "swift-crypto",
      "kind" : "remoteSourceControl",
      "location" : "https://github.com/apple/swift-crypto.git",
      "state" : {
        "revision" : "6f70fa9eab24c1fd982af18c281c4525d05e3095",
        "version" : "4.2.0"
      }
    }
  ],
  "version" : 3
}
